
Microsoft Visual Studio Solution File, Format Version 12.00
# Visual Studio Version 16
VisualStudioVersion = 16.0.30413.136
MinimumVisualStudioVersion = 10.0.40219.1
Project("{2150E333-8FDC-42A3-9474-1A3956D46DE8}") = "OneToManyMapper", "OneToManyMapper", "{C61C95A6-0848-4A9E-8B5D-3860E2B1AACD}"
EndProject
Project("{FAE04EC0-301F-11D3-BF4B-00C04F79EFBC}") = "MapperService", "..\MapperService\MapperService.csproj", "{9587283B-0D58-486B-A566-EF70CB7EAF2B}"
EndProject
Project("{FAE04EC0-301F-11D3-BF4B-00C04F79EFBC}") = "MapperService.Tests", "..\MapperService.Tests\MapperService.Tests.csproj", "{9E99911B-940C-4E17-B991-4C730CB15BB0}"
EndProject
Global
	GlobalSection(SolutionConfigurationPlatforms) = preSolution
		Debug|Any CPU = Debug|Any CPU
		Release|Any CPU = Release|Any CPU
	EndGlobalSection
	GlobalSection(ProjectConfigurationPlatforms) = postSolution
		{9587283B-0D58-486B-A566-EF70CB7EAF2B}.Debug|Any CPU.ActiveCfg = Debug|Any CPU
		{9587283B-0D58-486B-A566-EF70CB7EAF2B}.Debug|Any CPU.Build.0 = Debug|Any CPU
		{9587283B-0D58-486B-A566-EF70CB7EAF2B}.Release|Any CPU.ActiveCfg = Release|Any CPU
		{9587283B-0D58-486B-A566-EF70CB7EAF2B}.Release|Any CPU.Build.0 = Release|Any CPU
		{9E99911B-940C-4E17-B991-4C730CB15BB0}.Debug|Any CPU.ActiveCfg = Debug|Any CPU
		{9E99911B-940C-4E17-B991-4C730CB15BB0}.Debug|Any CPU.Build.0 = Debug|Any CPU
		{9E99911B-940C-4E17-B991-4C730CB15BB0}.Release|Any CPU.ActiveCfg = Release|Any CPU
		{9E99911B-940C-4E17-B991-4C730CB15BB0}.Release|Any CPU.Build.0 = Release|Any CPU
	EndGlobalSection
	GlobalSection(SolutionProperties) = preSolution
		HideSolutionNode = FALSE
	EndGlobalSection
	GlobalSection(NestedProjects) = preSolution
		{9587283B-0D58-486B-A566-EF70CB7EAF2B} = {C61C95A6-0848-4A9E-8B5D-3860E2B1AACD}
		{9E99911B-940C-4E17-B991-4C730CB15BB0} = {C61C95A6-0848-4A9E-8B5D-3860E2B1AACD}
	EndGlobalSection
	GlobalSection(ExtensibilityGlobals) = postSolution
		SolutionGuid = {A485A25F-4690-479E-891F-71E1A39AD460}
	EndGlobalSection
EndGlobal
